github.com/alecthomas/assert/v2 v2.11.0 h1:2Q9r3ki8+JYXvGsDyBXwH3LcJ+WK5D0gc5E8vS6K3D0=
github.com/alecthomas/assert/v2 v2.11.0/go.mod h1:Bze95FyfUr7x34QZrjL+XP+0qgp/zg8yS+TtBj1WA3k=
github.com/alecthomas/chroma/v2 v2.24.1 h1:m5ffpfZbIb++k8AqFEKy9uVgY12xIQtBsQlc6DfZJQM=
github.com/alecthomas/chroma/v2 v2.24.1/go.mod h1:l+ohZ9xRXIbGe7cIW+YZgOGbvuVLjMps/FYN/CwuabI=
github.com/alecthomas/repr v0.5.2 h1:SU73FTI9D1P5UNtvseffFSGmdNci/O6RsqzeXJtP0Qs=
github.com/alecthomas/repr v0.5.2/go.mod h1:Fr0507jx4eOXV7AlPV6AVZLYrLIuIeSOWtW57eE/O/4=
github.com/andybalholm/brotli v1.2.1 h1:R+f5xP285VArJDRgowrfb9DqL18yVK0gKAW/F+eTWro=
github.com/andybalholm/brotli v1.2.1/go.mod h1:rzTDkvFWvIrjDXZHkuS16NPggd91W3kUSvPlQ1pLaKY=
github.com/dlclark/regexp2 v1.12.0 h1:0j4c5qQmnC6XOWNjP3PIXURXN2gWx76rd3KvgdPkCz8=
github.com/dlclark/regexp2 v1.12.0/go.mod h1:DHkYz0B9wPfa6wondMfaivmHpzrQ3v9q8cnmRbL6yW8=
github.com/gomarkdown/markdown v0.0.0-20260417124207-7d523f7318df h1:Mwihr/o+v4L5h56rwHLOE20+hh7Okhwno5BHz3zDuao=
github.com/gomarkdown/markdown v0.0.0-20260417124207-7d523f7318df/go.mod h1:JDGcbDT52eL4fju3sZ4TeHGsQwhG9nbDV21aMyhwPoA=
github.com/hexops/gotextdiff v1.0.3 h1:gitA9+qJrrTCsiCl7+kh75nPqQt1cx4ZkudSTLoUqJM=
github.com/hexops/gotextdiff v1.0.3/go.mod h1:pSWU5MAI3yDq+fZBTazCSJysOMbxWL1BSow5/V2vxeg=
github.com/microbus-io/copyrighter v1.4.0 h1:EucSuHMyUO1fb+0eVOAz9ORpygTfaQxz/LK4jumciJ4=
github.com/microbus-io/copyrighter v1.4.0/go.mod h1:zk1Tt0nD2cI3NA1i6SHOCRgj7n02TZLyq6uHAMqLmXs=
github.com/microbus-io/errors v1.0.1 h1:pujosfRSEqSJi0gcx6d+A7Mf2RZr2vQVMSQz0pG+wkM=
github.com/microbus-io/errors v1.0.1/go.mod h1:NZTmmm+wxKQ8JFCeOMWWj+oqGylYsMKmS1YXysHZASM=
github.com/xyproto/randomstring v1.0.5 h1:YtlWPoRdgMu3NZtP45drfy1GKoojuR7hmRcnhZqKjWU=
github.com/xyproto/randomstring v1.0.5/go.mod h1:rgmS5DeNXLivK7YprL0pY+lTuhNQW3iGxZ18UQApw/E=
golang.org/x/net v0.55.0 h1:bcvxaJn3e1U6InsFWt1JUq1aSjnRxLzT2rtD2KfkDF8=
golang.org/x/net v0.55.0/go.mod h1:L5U2KuzuOe1lY7Z+aWVIKK6qEeJXnXV9yzGA+WCHJww=
golang.org/x/text v0.37.0 h1:Cqjiwd9eSg8e0QAkyCaQTNHFIIzWtidPahFWR83rTrc=
golang.org/x/text v0.37.0/go.mod h1:a5sjxXGs9hsn/AJVwuElvCAo9v8QYLzvavO5z2PiM38=
